[[package]]
name = "build_const"
version = "0.2.1"
source = "registry+https://github.com/rust-lang/crates.io-index"

[[package]]
name = "bytebuffer"
version = "0.2.1"
source = "registry+https://github.com/rust-lang/crates.io-index"
dependencies = [
 "byteorder 0.3.13 (registry+https://github.com/rust-lang/crates.io-index)",
]

[[package]]
name = "byteorder"
version = "0.3.13"
source = "registry+https://github.com/rust-lang/crates.io-index"

[[package]]
name = "byteorder"
version = "1.2.7"
source = "registry+https://github.com/rust-lang/crates.io-index"

[[package]]
name = "cfg-if"
version = "0.1.6"
source = "registry+https://github.com/rust-lang/crates.io-index"

[[package]]
name = "chinese-telegraph-code"
version = "0.1.0"
dependencies = [
 "bytebuffer 0.2.1 (registry+https://github.com/rust-lang/crates.io-index)",
 "lzma-rs 0.1.0 (registry+https://github.com/rust-lang/crates.io-index)",
]

[[package]]
name = "crc"
version = "1.8.1"
source = "registry+https://github.com/rust-lang/crates.io-index"
dependencies = [
 "build_const 0.2.1 (registry+https://github.com/rust-lang/crates.io-index)",
]

[[package]]
name = "log"
version = "0.4.6"
source = "registry+https://github.com/rust-lang/crates.io-index"
dependencies = [
 "cfg-if 0.1.6 (registry+https://github.com/rust-lang/crates.io-index)",
]

[[package]]
name = "lzma-rs"
version = "0.1.0"
source = "registry+https://github.com/rust-lang/crates.io-index"
dependencies = [
 "byteorder 1.2.7 (registry+https://github.com/rust-lang/crates.io-index)",
 "crc 1.8.1 (registry+https://github.com/rust-lang/crates.io-index)",
 "log 0.4.6 (registry+https://github.com/rust-lang/crates.io-index)",
]

[metadata]
"checksum build_const 0.2.1 (registry+https://github.com/rust-lang/crates.io-index)" = "39092a32794787acd8525ee150305ff051b0aa6cc2abaf193924f5ab05425f39"
"checksum bytebuffer 0.2.1 (registry+https://github.com/rust-lang/crates.io-index)" = "e822a21389d388828152aeae8bb43049196b09076e2a138f53351d8cf6576cf3"
"checksum byteorder 0.3.13 (registry+https://github.com/rust-lang/crates.io-index)" = "29b2aa490a8f546381308d68fc79e6bd753cd3ad839f7a7172897f1feedfa175"
"checksum byteorder 1.2.7 (registry+https://github.com/rust-lang/crates.io-index)" = "94f88df23a25417badc922ab0f5716cc1330e87f71ddd9203b3a3ccd9cedf75d"
"checksum cfg-if 0.1.6 (registry+https://github.com/rust-lang/crates.io-index)" = "082bb9b28e00d3c9d39cc03e64ce4cea0f1bb9b3fde493f0cbc008472d22bdf4"
"checksum crc 1.8.1 (registry+https://github.com/rust-lang/crates.io-index)" = "d663548de7f5cca343f1e0a48d14dcfb0e9eb4e079ec58883b7251539fa10aeb"
"checksum log 0.4.6 (registry+https://github.com/rust-lang/crates.io-index)" = "c84ec4b527950aa83a329754b01dbe3f58361d1c5efacd1f6d68c494d08a17c6"
"checksum lzma-rs 0.1.0 (registry+https://github.com/rust-lang/crates.io-index)" = "5d49cc18d2e4235afb294250b5eae3c8ac150fc3662fd46fbb7f48c6cb6567b7"
